
Microsoft Visual Studio Solution File, Format Version 12.00
# Visual Studio 2013
VisualStudioVersion = 12.0.31101.0
MinimumVisualStudioVersion = 10.0.40219.1
Project("{FAE04EC0-301F-11D3-BF4B-00C04F79EFBC}") = "ArgumentParser", "ArgumentParser\ArgumentParser.csproj", "{23449844-B055-481B-A085-D09391434DF3}"
EndProject
Project("{FAE04EC0-301F-11D3-BF4B-00C04F79EFBC}") = "ArgumentParserTest", "ArgumentParserTest\ArgumentParserTest.csproj", "{CE974B38-A436-4E3C-80D0-209FBE5F0858}"
EndProject
Global
	GlobalSection(SolutionConfigurationPlatforms) = preSolution
		Debug|Any CPU = Debug|Any CPU
		Release|Any CPU = Release|Any CPU
	EndGlobalSection
	GlobalSection(ProjectConfigurationPlatforms) = postSolution
		{23449844-B055-481B-A085-D09391434DF3}.Debug|Any CPU.ActiveCfg = Debug|Any CPU
		{23449844-B055-481B-A085-D09391434DF3}.Debug|Any CPU.Build.0 = Debug|Any CPU
		{23449844-B055-481B-A085-D09391434DF3}.Release|Any CPU.ActiveCfg = Release|Any CPU
		{23449844-B055-481B-A085-D09391434DF3}.Release|Any CPU.Build.0 = Release|Any CPU
		{CE974B38-A436-4E3C-80D0-209FBE5F0858}.Debug|Any CPU.ActiveCfg = Debug|Any CPU
		{CE974B38-A436-4E3C-80D0-209FBE5F0858}.Debug|Any CPU.Build.0 = Debug|Any CPU
		{CE974B38-A436-4E3C-80D0-209FBE5F0858}.Release|Any CPU.ActiveCfg = Release|Any CPU
		{CE974B38-A436-4E3C-80D0-209FBE5F0858}.Release|Any CPU.Build.0 = Release|Any CPU
	EndGlobalSection
	GlobalSection(SolutionProperties) = preSolution
		HideSolutionNode = FALSE
	EndGlobalSection
EndGlobal
